
Microsoft Visual Studio Solution File, Format Version 12.00
# Visual Studio Version 17
VisualStudioVersion = 17.13.35919.96
MinimumVisualStudioVersion = 10.0.40219.1
Project("{FAE04EC0-301F-11D3-BF4B-00C04F79EFBC}") = "C#", "C#.csproj", "{D0D96295-FF46-4E13-BA7C-AB4FDDA8F9CD}"
EndProject
Project("{FAE04EC0-301F-11D3-BF4B-00C04F79EFBC}") = "C#Tests", "..\C#Tests\C#Tests.csproj", "{D90017BC-A2BE-4F49-920D-A3954C6D9440}"
EndProject
Global
	GlobalSection(SolutionConfigurationPlatforms) = preSolution
		Debug|Any CPU = Debug|Any CPU
		Release|Any CPU = Release|Any CPU
	EndGlobalSection
	GlobalSection(ProjectConfigurationPlatforms) = postSolution
		{D0D96295-FF46-4E13-BA7C-AB4FDDA8F9CD}.Debug|Any CPU.ActiveCfg = Debug|Any CPU
		{D0D96295-FF46-4E13-BA7C-AB4FDDA8F9CD}.Debug|Any CPU.Build.0 = Debug|Any CPU
		{D0D96295-FF46-4E13-BA7C-AB4FDDA8F9CD}.Release|Any CPU.ActiveCfg = Release|Any CPU
		{D0D96295-FF46-4E13-BA7C-AB4FDDA8F9CD}.Release|Any CPU.Build.0 = Release|Any CPU
		{D90017BC-A2BE-4F49-920D-A3954C6D9440}.Debug|Any CPU.ActiveCfg = Debug|Any CPU
		{D90017BC-A2BE-4F49-920D-A3954C6D9440}.Debug|Any CPU.Build.0 = Debug|Any CPU
		{D90017BC-A2BE-4F49-920D-A3954C6D9440}.Release|Any CPU.ActiveCfg = Release|Any CPU
		{D90017BC-A2BE-4F49-920D-A3954C6D9440}.Release|Any CPU.Build.0 = Release|Any CPU
	EndGlobalSection
	GlobalSection(SolutionProperties) = preSolution
		HideSolutionNode = FALSE
	EndGlobalSection
	GlobalSection(ExtensibilityGlobals) = postSolution
		SolutionGuid = {B20EEAAA-D585-405B-8C1A-7F7BCB9B464E}
	EndGlobalSection
EndGlobal
